
Microsoft Visual Studio Solution File, Format Version 12.00
# Visual Studio Version 16
VisualStudioVersion = 16.0.31321.278
MinimumVisualStudioVersion = 10.0.40219.1
Project("{FAE04EC0-301F-11D3-BF4B-00C04F79EFBC}") = "IsItALeapYear", "IsItALeapYear\IsItALeapYear.csproj", "{6802CCAB-78A8-4CC6-B917-33B1E00F0AC2}"
EndProject
Project("{FAE04EC0-301F-11D3-BF4B-00C04F79EFBC}") = "TestProject1", "TestProject1\TestProject1.csproj", "{63F89B36-E55D-43F5-B7F4-9352D3F0CB3F}"
EndProject
Global
	GlobalSection(SolutionConfigurationPlatforms) = preSolution
		Debug|Any CPU = Debug|Any CPU
		Release|Any CPU = Release|Any CPU
	EndGlobalSection
	GlobalSection(ProjectConfigurationPlatforms) = postSolution
		{6802CCAB-78A8-4CC6-B917-33B1E00F0AC2}.Debug|Any CPU.ActiveCfg = Debug|Any CPU
		{6802CCAB-78A8-4CC6-B917-33B1E00F0AC2}.Debug|Any CPU.Build.0 = Debug|Any CPU
		{6802CCAB-78A8-4CC6-B917-33B1E00F0AC2}.Release|Any CPU.ActiveCfg = Release|Any CPU
		{6802CCAB-78A8-4CC6-B917-33B1E00F0AC2}.Release|Any CPU.Build.0 = Release|Any CPU
		{63F89B36-E55D-43F5-B7F4-9352D3F0CB3F}.Debug|Any CPU.ActiveCfg = Debug|Any CPU
		{63F89B36-E55D-43F5-B7F4-9352D3F0CB3F}.Debug|Any CPU.Build.0 = Debug|Any CPU
		{63F89B36-E55D-43F5-B7F4-9352D3F0CB3F}.Release|Any CPU.ActiveCfg = Release|Any CPU
		{63F89B36-E55D-43F5-B7F4-9352D3F0CB3F}.Release|Any CPU.Build.0 = Release|Any CPU
	EndGlobalSection
	GlobalSection(SolutionProperties) = preSolution
		HideSolutionNode = FALSE
	EndGlobalSection
	GlobalSection(ExtensibilityGlobals) = postSolution
		SolutionGuid = {06CF984E-F59E-4EAB-99DD-43FC5DDF37CF}
	EndGlobalSection
EndGlobal
